Microsoft Visual Studio Solution File, Format Version 12.00
# Visual Studio Version 16
VisualStudioVersion = 16.0.29926.136
MinimumVisualStudioVersion = 10.0.40219.1
Project("{2150E333-8FDC-42A3-9474-1A3956D46DE8}") = "JobScheduler", "JobScheduler", "{79E5CCA8-36F5-4684-8FAF-A6A53DBBA006}"
EndProject
Project("{2150E333-8FDC-42A3-9474-1A3956D46DE8}") = "Filters", "Filters", "{58E2DAC9-B0E0-4308-8A28-9AEE22E41DC3}"
EndProject
Project("{9A19103F-16F7-4668-BE54-9A1E7A4F7556}") = "greyscale", "greyscale\greyscale.csproj", "{80A7E421-01CD-42BA-B0DA-4C7C122D961D}"
EndProject
Project("{9A19103F-16F7-4668-BE54-9A1E7A4F7556}") = "job-scheduler", "job-scheduler\job-scheduler.csproj", "{8CD98CB7-E8C7-4946-A183-97E7DA9D2BA0}"
EndProject
Project("{9A19103F-16F7-4668-BE54-9A1E7A4F7556}") = "job-scheduler.tests", "job-scheduler.tests\job-scheduler.tests.csproj", "{3AB3BE0C-D3A8-4F35-A3BF-569D83DB09A0}"
EndProject
Global
	GlobalSection(SolutionConfigurationPlatforms) = preSolution
		Debug|Any CPU = Debug|Any CPU
		Release|Any CPU = Release|Any CPU
	EndGlobalSection
	GlobalSection(ProjectConfigurationPlatforms) = postSolution
		{80A7E421-01CD-42BA-B0DA-4C7C122D961D}.Debug|Any CPU.ActiveCfg = Debug|Any CPU
		{80A7E421-01CD-42BA-B0DA-4C7C122D961D}.Debug|Any CPU.Build.0 = Debug|Any CPU
		{80A7E421-01CD-42BA-B0DA-4C7C122D961D}.Release|Any CPU.ActiveCfg = Release|Any CPU
		{80A7E421-01CD-42BA-B0DA-4C7C122D961D}.Release|Any CPU.Build.0 = Release|Any CPU
		{8CD98CB7-E8C7-4946-A183-97E7DA9D2BA0}.Debug|Any CPU.ActiveCfg = Debug|Any CPU
		{8CD98CB7-E8C7-4946-A183-97E7DA9D2BA0}.Debug|Any CPU.Build.0 = Debug|Any CPU
		{8CD98CB7-E8C7-4946-A183-97E7DA9D2BA0}.Release|Any CPU.ActiveCfg = Release|Any CPU
		{8CD98CB7-E8C7-4946-A183-97E7DA9D2BA0}.Release|Any CPU.Build.0 = Release|Any CPU
		{3AB3BE0C-D3A8-4F35-A3BF-569D83DB09A0}.Debug|Any CPU.ActiveCfg = Debug|Any CPU
		{3AB3BE0C-D3A8-4F35-A3BF-569D83DB09A0}.Debug|Any CPU.Build.0 = Debug|Any CPU
		{3AB3BE0C-D3A8-4F35-A3BF-569D83DB09A0}.Release|Any CPU.ActiveCfg = Release|Any CPU
		{3AB3BE0C-D3A8-4F35-A3BF-569D83DB09A0}.Release|Any CPU.Build.0 = Release|Any CPU
	EndGlobalSection
	GlobalSection(SolutionProperties) = preSolution
		HideSolutionNode = FALSE
	EndGlobalSection
	GlobalSection(NestedProjects) = preSolution
		{80A7E421-01CD-42BA-B0DA-4C7C122D961D} = {58E2DAC9-B0E0-4308-8A28-9AEE22E41DC3}
		{8CD98CB7-E8C7-4946-A183-97E7DA9D2BA0} = {79E5CCA8-36F5-4684-8FAF-A6A53DBBA006}
		{3AB3BE0C-D3A8-4F35-A3BF-569D83DB09A0} = {79E5CCA8-36F5-4684-8FAF-A6A53DBBA006}
	EndGlobalSection
	GlobalSection(ExtensibilityGlobals) = postSolution
		SolutionGuid = {23E53690-3654-4CD4-B85F-243A513355AB}
	EndGlobalSection
EndGlobal
