Microsoft Visual Studio Solution File, Format Version 12.00
# Visual Studio Version 16
VisualStudioVersion = 16.0.29926.136
MinimumVisualStudioVersion = 10.0.40219.1
Project("{2150E333-8FDC-42A3-9474-1A3956D46DE8}") = "JobScheduler", "JobScheduler", "{79E5CCA8-36F5-4684-8FAF-A6A53DBBA006}"
EndProject
Project("{9A19103F-16F7-4668-BE54-9A1E7A4F7556}") = "job-scheduler", "job-scheduler\job-scheduler\job-scheduler.csproj", "{C3943BD1-8EDF-4170-9C15-1873784F7849}"
EndProject
Project("{9A19103F-16F7-4668-BE54-9A1E7A4F7556}") = "job-scheduler.tests", "job-scheduler\job-scheduler.tests\job-scheduler.tests.csproj", "{E35C21A9-E581-4755-A74F-FFF439A87353}"
EndProject
Global
	GlobalSection(SolutionConfigurationPlatforms) = preSolution
		Debug|Any CPU = Debug|Any CPU
		Release|Any CPU = Release|Any CPU
	EndGlobalSection
	GlobalSection(ProjectConfigurationPlatforms) = postSolution
		{C3943BD1-8EDF-4170-9C15-1873784F7849}.Debug|Any CPU.ActiveCfg = Debug|Any CPU
		{C3943BD1-8EDF-4170-9C15-1873784F7849}.Debug|Any CPU.Build.0 = Debug|Any CPU
		{C3943BD1-8EDF-4170-9C15-1873784F7849}.Release|Any CPU.ActiveCfg = Release|Any CPU
		{C3943BD1-8EDF-4170-9C15-1873784F7849}.Release|Any CPU.Build.0 = Release|Any CPU
		{E35C21A9-E581-4755-A74F-FFF439A87353}.Debug|Any CPU.ActiveCfg = Debug|Any CPU
		{E35C21A9-E581-4755-A74F-FFF439A87353}.Debug|Any CPU.Build.0 = Debug|Any CPU
		{E35C21A9-E581-4755-A74F-FFF439A87353}.Release|Any CPU.ActiveCfg = Release|Any CPU
		{E35C21A9-E581-4755-A74F-FFF439A87353}.Release|Any CPU.Build.0 = Release|Any CPU
	EndGlobalSection
	GlobalSection(SolutionProperties) = preSolution
		HideSolutionNode = FALSE
	EndGlobalSection
	GlobalSection(NestedProjects) = preSolution
		{C3943BD1-8EDF-4170-9C15-1873784F7849} = {79E5CCA8-36F5-4684-8FAF-A6A53DBBA006}
		{E35C21A9-E581-4755-A74F-FFF439A87353} = {79E5CCA8-36F5-4684-8FAF-A6A53DBBA006}
	EndGlobalSection
	GlobalSection(ExtensibilityGlobals) = postSolution
		SolutionGuid = {23E53690-3654-4CD4-B85F-243A513355AB}
	EndGlobalSection
EndGlobal
